<?xml version="1.0" encoding="utf-8"?>
<Project ToolsVersion="4.0" xmlns="http://schemas.microsoft.com/developer/msbuild/2003">
  <ItemGroup>
    <Filter Include="Source Files">
      <UniqueIdentifier>{4FC737F1-C7A5-4376-A066-2A32D752A2FF}</UniqueIdentifier>
      <Extensions>cpp;c;cc;cxx;def;odl;idl;hpj;bat;asm;asmx</Extensions>
    </Filter>
    <Filter Include="Header Files">
      <UniqueIdentifier>{93995380-89BD-4b04-88EB-625FBE52EBFB}</UniqueIdentifier>
      <Extensions>h;hh;hpp;hxx;hm;inl;inc;ipp;xsd</Extensions>
    </Filter>
    <Filter Include="Resource Files">
      <UniqueIdentifier>{67DA6AB6-F800-4c08-8B7A-83BB121AAD01}</UniqueIdentifier>
      <Extensions>rc;ico;cur;bmp;dlg;rc2;rct;bin;rgs;gif;jpg;jpeg;jpe;resx;tiff;tif;png;wav;mfcribbon-ms</Extensions>
    </Filter>
    <Filter Include="Source Files\src">
      <UniqueIdentifier>{5698c6c3-f3bd-4a5e-b1bd-bee75150a7da}</UniqueIdentifier>
    </Filter>
    <Filter Include="Source Files\Headers">
      <UniqueIdentifier>{ca5285e7-263a-493d-8f55-ff08410ddfff}</UniqueIdentifier>
    </Filter>
  </ItemGroup>
  <ItemGroup>
    <ClInclude Include="pch.h">
      <Filter>Header Files</Filter>
    </ClInclude>
    <ClInclude Include="error.h">
      <Filter>Source Files\Headers</Filter>
    </ClInclude>
    <ClInclude Include="funcionesmiscelaneas.h">
      <Filter>Source Files\Headers</Filter>
    </ClInclude>
    <ClInclude Include="cochera.h">
      <Filter>Source Files\Headers</Filter>
    </ClInclude>
    <ClInclude Include="duenio.h">
      <Filter>Source Files\Headers</Filter>
    </ClInclude>
    <ClInclude Include="garage.h">
      <Filter>Source Files\Headers</Filter>
    </ClInclude>
    <ClInclude Include="fecha.h">
      <Filter>Source Files\Headers</Filter>
    </ClInclude>
    <ClInclude Include="vehiculo.h">
      <Filter>Source Files\Headers</Filter>
    </ClInclude>
  </ItemGroup>
  <ItemGroup>
    <ClCompile Include="pch.cpp">
      <Filter>Source Files</Filter>
    </ClCompile>
    <ClCompile Include="TP TAD.cpp">
      <Filter>Source Files</Filter>
    </ClCompile>
    <ClCompile Include="error.cpp">
      <Filter>Source Files\src</Filter>
    </ClCompile>
    <ClCompile Include="funcionesmiscelaneas.cpp">
      <Filter>Source Files\src</Filter>
    </ClCompile>
    <ClCompile Include="cochera.cpp">
      <Filter>Source Files\src</Filter>
    </ClCompile>
    <ClCompile Include="vehiculo.cpp">
      <Filter>Source Files\src</Filter>
    </ClCompile>
    <ClCompile Include="duenio.cpp">
      <Filter>Source Files\src</Filter>
    </ClCompile>
    <ClCompile Include="garage.cpp">
      <Filter>Source Files\src</Filter>
    </ClCompile>
    <ClCompile Include="fecha.cpp">
      <Filter>Source Files\src</Filter>
    </ClCompile>
  </ItemGroup>
  <ItemGroup>
    <None Include="packages.config" />
  </ItemGroup>
</Project>